{
  "name": "scipts",
  "version": "0.0.0",
  "lockfileVersion": 2,
  "requires": true,
  "packages": {
    "": {
      "name": "scipts",
      "version": "0.0.0",
      "dependencies": {
        "subtle": "latest"
      }
    },
    "node_modules/bluebird": {
      "version": "2.11.0",
      "resolved": "https://registry.npmjs.org/bluebird/-/bluebird-2.11.0.tgz",
      "integrity": "sha1-U0uQM8AiyVecVro7Plpcqvu2UOE="
    },
    "node_modules/ecc-jsbn": {
      "version": "0.0.1",
      "resolved": "https://registry.npmjs.org/ecc-jsbn/-/ecc-jsbn-0.0.1.tgz",
      "integrity": "sha1-lwV3ujG0l2+xiJopjLdFHYlsRm0=",
      "dependencies": {
        "jsbn": "git+https://github.com/rynomad/jsbn.git"
      }
    },
    "node_modules/ecc-qj": {
      "version": "0.0.1",
      "resolved": "git+ssh://git@github.com/rynomad/ecc.git#a8c599363dab87a5c95274338d863233f00f7c4a",
      "hasInstallScript": true,
      "license": "MIT",
      "optional": true,
      "dependencies": {
        "nan": "^1.6.2"
      }
    },
    "node_modules/jsbn": {
      "version": "0.0.0",
      "resolved": "git+ssh://git@github.com/rynomad/jsbn.git#bb522b0124f75424f89d49446c40a87111942c7b",
      "license": "BSD"
    },
    "node_modules/nan": {
      "version": "1.9.0",
      "resolved": "https://registry.npmjs.org/nan/-/nan-1.9.0.tgz",
      "integrity": "sha1-GpzSdVYJdm9cKR5BlPzjn94oZRU=",
      "optional": true
    },
    "node_modules/node-forge": {
      "version": "0.6.49",
      "resolved": "https://registry.npmjs.org/node-forge/-/node-forge-0.6.49.tgz",
      "integrity": "sha1-8e6V1ddGI5OP4Z1piqWibVTS9g8=",
      "engines": {
        "node": "*"
      }
    },
    "node_modules/polyfill-promise": {
      "version": "4.0.1",
      "resolved": "https://registry.npmjs.org/polyfill-promise/-/polyfill-promise-4.0.1.tgz",
      "integrity": "sha1-+ESNwnw7ln1fZ/wGD1btZOIoa0k=",
      "dependencies": {
        "bluebird": "^2.9.27"
      }
    },
    "node_modules/sjcl": {
      "version": "1.0.8",
      "resolved": "https://registry.npmjs.org/sjcl/-/sjcl-1.0.8.tgz",
      "integrity": "sha512-LzIjEQ0S0DpIgnxMEayM1rq9aGwGRG4OnZhCdjx7glTaJtf4zRfpg87ImfjSJjoW9vKpagd82McDOwbRT5kQKQ==",
      "engines": {
        "node": "*"
      }
    },
    "node_modules/subtle": {
      "version": "0.1.8",
      "resolved": "https://registry.npmjs.org/subtle/-/subtle-0.1.8.tgz",
      "integrity": "sha1-DBJZm5zxMSftoRYmUQzY8k+HiRY=",
      "hasInstallScript": true,
      "license": "MIT",
      "dependencies": {
        "ecc-jsbn": "0.0.1",
        "node-forge": "^0.6.20",
        "polyfill-promise": "^4.0.1",
        "sjcl": "^1.0.3"
      },
      "optionalDependencies": {
        "ecc-qj": "git+https://github.com/rynomad/ecc.git"
      }
    }
  },
  "dependencies": {
    "bluebird": {
      "version": "2.11.0",
      "resolved": "https://registry.npmjs.org/bluebird/-/bluebird-2.11.0.tgz",
      "integrity": "sha1-U0uQM8AiyVecVro7Plpcqvu2UOE="
    },
    "ecc-jsbn": {
      "version": "0.0.1",
      "resolved": "https://registry.npmjs.org/ecc-jsbn/-/ecc-jsbn-0.0.1.tgz",
      "integrity": "sha1-lwV3ujG0l2+xiJopjLdFHYlsRm0=",
      "requires": {
        "jsbn": "git+https://github.com/rynomad/jsbn.git"
      }
    },
    "ecc-qj": {
      "version": "git+ssh://git@github.com/rynomad/ecc.git#a8c599363dab87a5c95274338d863233f00f7c4a",
      "from": "ecc-qj@git+https://github.com/rynomad/ecc.git",
      "optional": true,
      "requires": {
        "nan": "^1.6.2"
      }
    },
    "jsbn": {
      "version": "git+ssh://git@github.com/rynomad/jsbn.git#bb522b0124f75424f89d49446c40a87111942c7b",
      "from": "jsbn@git+https://github.com/rynomad/jsbn.git"
    },
    "nan": {
      "version": "1.9.0",
      "resolved": "https://registry.npmjs.org/nan/-/nan-1.9.0.tgz",
      "integrity": "sha1-GpzSdVYJdm9cKR5BlPzjn94oZRU=",
      "optional": true
    },
    "node-forge": {
      "version": "0.6.49",
      "resolved": "https://registry.npmjs.org/node-forge/-/node-forge-0.6.49.tgz",
      "integrity": "sha1-8e6V1ddGI5OP4Z1piqWibVTS9g8="
    },
    "polyfill-promise": {
      "version": "4.0.1",
      "resolved": "https://registry.npmjs.org/polyfill-promise/-/polyfill-promise-4.0.1.tgz",
      "integrity": "sha1-+ESNwnw7ln1fZ/wGD1btZOIoa0k=",
      "requires": {
        "bluebird": "^2.9.27"
      }
    },
    "sjcl": {
      "version": "1.0.8",
      "resolved": "https://registry.npmjs.org/sjcl/-/sjcl-1.0.8.tgz",
      "integrity": "sha512-LzIjEQ0S0DpIgnxMEayM1rq9aGwGRG4OnZhCdjx7glTaJtf4zRfpg87ImfjSJjoW9vKpagd82McDOwbRT5kQKQ=="
    },
    "subtle": {
      "version": "0.1.8",
      "resolved": "https://registry.npmjs.org/subtle/-/subtle-0.1.8.tgz",
      "integrity": "sha1-DBJZm5zxMSftoRYmUQzY8k+HiRY=",
      "requires": {
        "ecc-jsbn": "0.0.1",
        "ecc-qj": "git+https://github.com/rynomad/ecc.git",
        "node-forge": "^0.6.20",
        "polyfill-promise": "^4.0.1",
        "sjcl": "^1.0.3"
      }
    }
  }
}
